
Microsoft Visual Studio Solution File, Format Version 12.00
Project("{FAE04EC0-301F-11D3-BF4B-00C04F79EFBC}") = "Yahtzee", "Yahtzee\Yahtzee.csproj", "{714447A7-C382-4C5E-B4C5-9D64E47BE044}"
EndProject
Global
	GlobalSection(SolutionConfigurationPlatforms) = preSolution
		Debug|Any CPU = Debug|Any CPU
		Release|Any CPU = Release|Any CPU
	EndGlobalSection
	GlobalSection(ProjectConfigurationPlatforms) = postSolution
		{714447A7-C382-4C5E-B4C5-9D64E47BE044}.Debug|Any CPU.ActiveCfg = Debug|Any CPU
		{714447A7-C382-4C5E-B4C5-9D64E47BE044}.Debug|Any CPU.Build.0 = Debug|Any CPU
		{714447A7-C382-4C5E-B4C5-9D64E47BE044}.Release|Any CPU.ActiveCfg = Release|Any CPU
		{714447A7-C382-4C5E-B4C5-9D64E47BE044}.Release|Any CPU.Build.0 = Release|Any CPU
	EndGlobalSection
EndGlobal
